
Microsoft Visual Studio Solution File, Format Version 12.00
# Visual Studio 15
VisualStudioVersion = 15.0.26730.8
MinimumVisualStudioVersion = 10.0.40219.1
Project("{FAE04EC0-301F-11D3-BF4B-00C04F79EFBC}") = "ConsolePasswordCheck", "ConsolePasswordCheck\ConsolePasswordCheck.csproj", "{54D17C60-744F-4BA0-8F92-557695FF51A7}"
EndProject
Global
	GlobalSection(SolutionConfigurationPlatforms) = preSolution
		Debug|Any CPU = Debug|Any CPU
		Release|Any CPU = Release|Any CPU
	EndGlobalSection
	GlobalSection(ProjectConfigurationPlatforms) = postSolution
		{54D17C60-744F-4BA0-8F92-557695FF51A7}.Debug|Any CPU.ActiveCfg = Debug|Any CPU
		{54D17C60-744F-4BA0-8F92-557695FF51A7}.Debug|Any CPU.Build.0 = Debug|Any CPU
		{54D17C60-744F-4BA0-8F92-557695FF51A7}.Release|Any CPU.ActiveCfg = Release|Any CPU
		{54D17C60-744F-4BA0-8F92-557695FF51A7}.Release|Any CPU.Build.0 = Release|Any CPU
	EndGlobalSection
	GlobalSection(SolutionProperties) = preSolution
		HideSolutionNode = FALSE
	EndGlobalSection
	GlobalSection(ExtensibilityGlobals) = postSolution
		SolutionGuid = {D8ABEB72-C4EA-43BB-9DD7-BB0D4DCD46E2}
	EndGlobalSection
EndGlobal
